
Microsoft Visual Studio Solution File, Format Version 12.00
# Visual Studio Version 16
VisualStudioVersion = 16.0.30804.86
MinimumVisualStudioVersion = 10.0.40219.1
Project("{FAE04EC0-301F-11D3-BF4B-00C04F79EFBC}") = "Quiz - Course project", "Quiz - Course project\Quiz - Course project.csproj", "{FEE39FBC-03CC-4F0B-8107-31FDEC29B65C}"
EndProject
Global
	GlobalSection(SolutionConfigurationPlatforms) = preSolution
		Debug|Any CPU = Debug|Any CPU
		Release|Any CPU = Release|Any CPU
	EndGlobalSection
	GlobalSection(ProjectConfigurationPlatforms) = postSolution
		{FEE39FBC-03CC-4F0B-8107-31FDEC29B65C}.Debug|Any CPU.ActiveCfg = Debug|Any CPU
		{FEE39FBC-03CC-4F0B-8107-31FDEC29B65C}.Debug|Any CPU.Build.0 = Debug|Any CPU
		{FEE39FBC-03CC-4F0B-8107-31FDEC29B65C}.Release|Any CPU.ActiveCfg = Release|Any CPU
		{FEE39FBC-03CC-4F0B-8107-31FDEC29B65C}.Release|Any CPU.Build.0 = Release|Any CPU
	EndGlobalSection
	GlobalSection(SolutionProperties) = preSolution
		HideSolutionNode = FALSE
	EndGlobalSection
	GlobalSection(ExtensibilityGlobals) = postSolution
		SolutionGuid = {04D16FEA-FC6B-4BF2-AEC6-EE11B9141FEB}
	EndGlobalSection
EndGlobal
